
Microsoft Visual Studio Solution File, Format Version 12.00
# Visual Studio Version 17
VisualStudioVersion = 17.12.35527.113 d17.12
MinimumVisualStudioVersion = 10.0.40219.1
Project("{FAE04EC0-301F-11D3-BF4B-00C04F79EFBC}") = "Renju", "Renju\Renju.csproj", "{E184FAAE-9CB8-43D9-91DB-E30B169AA53A}"
EndProject
Global
	GlobalSection(SolutionConfigurationPlatforms) = preSolution
		Debug|Any CPU = Debug|Any CPU
		Release|Any CPU = Release|Any CPU
	EndGlobalSection
	GlobalSection(ProjectConfigurationPlatforms) = postSolution
		{E184FAAE-9CB8-43D9-91DB-E30B169AA53A}.Debug|Any CPU.ActiveCfg = Debug|Any CPU
		{E184FAAE-9CB8-43D9-91DB-E30B169AA53A}.Debug|Any CPU.Build.0 = Debug|Any CPU
		{E184FAAE-9CB8-43D9-91DB-E30B169AA53A}.Release|Any CPU.ActiveCfg = Release|Any CPU
		{E184FAAE-9CB8-43D9-91DB-E30B169AA53A}.Release|Any CPU.Build.0 = Release|Any CPU
	EndGlobalSection
	GlobalSection(SolutionProperties) = preSolution
		HideSolutionNode = FALSE
	EndGlobalSection
EndGlobal
